
Microsoft Visual Studio Solution File, Format Version 12.00
# Visual Studio Version 17
VisualStudioVersion = 17.11.35327.3
MinimumVisualStudioVersion = 10.0.40219.1
Project("{9A19103F-16F7-4668-BE54-9A1E7A4F7556}") = "ConsoleRpg", "ConsoleRpg.csproj", "{B38D6CEC-8C11-4C7A-AA2A-95D581F48255}"
EndProject
Global
	GlobalSection(SolutionConfigurationPlatforms) = preSolution
		Debug|Any CPU = Debug|Any CPU
		Release|Any CPU = Release|Any CPU
	EndGlobalSection
	GlobalSection(ProjectConfigurationPlatforms) = postSolution
		{B38D6CEC-8C11-4C7A-AA2A-95D581F48255}.Debug|Any CPU.ActiveCfg = Debug|Any CPU
		{B38D6CEC-8C11-4C7A-AA2A-95D581F48255}.Debug|Any CPU.Build.0 = Debug|Any CPU
		{B38D6CEC-8C11-4C7A-AA2A-95D581F48255}.Release|Any CPU.ActiveCfg = Release|Any CPU
		{B38D6CEC-8C11-4C7A-AA2A-95D581F48255}.Release|Any CPU.Build.0 = Release|Any CPU
	EndGlobalSection
	GlobalSection(SolutionProperties) = preSolution
		HideSolutionNode = FALSE
	EndGlobalSection
	GlobalSection(ExtensibilityGlobals) = postSolution
		SolutionGuid = {4A302EFB-DB91-4B15-AFAE-B78A680B24B3}
	EndGlobalSection
EndGlobal
