
Microsoft Visual Studio Solution File, Format Version 12.00
# Visual Studio Version 17
VisualStudioVersion = 17.2.32602.215
MinimumVisualStudioVersion = 10.0.40219.1
Project("{9A19103F-16F7-4668-BE54-9A1E7A4F7556}") = "Class05_ISP", "Class05_ISP.csproj", "{CC7938EE-12F6-4739-92C9-0542BCD9CE63}"
EndProject
Global
	GlobalSection(SolutionConfigurationPlatforms) = preSolution
		Debug|Any CPU = Debug|Any CPU
		Release|Any CPU = Release|Any CPU
	EndGlobalSection
	GlobalSection(ProjectConfigurationPlatforms) = postSolution
		{CC7938EE-12F6-4739-92C9-0542BCD9CE63}.Debug|Any CPU.ActiveCfg = Debug|Any CPU
		{CC7938EE-12F6-4739-92C9-0542BCD9CE63}.Debug|Any CPU.Build.0 = Debug|Any CPU
		{CC7938EE-12F6-4739-92C9-0542BCD9CE63}.Release|Any CPU.ActiveCfg = Release|Any CPU
		{CC7938EE-12F6-4739-92C9-0542BCD9CE63}.Release|Any CPU.Build.0 = Release|Any CPU
	EndGlobalSection
	GlobalSection(SolutionProperties) = preSolution
		HideSolutionNode = FALSE
	EndGlobalSection
	GlobalSection(ExtensibilityGlobals) = postSolution
		SolutionGuid = {784F17A5-5C54-4DC3-8590-2F7C1CBCC74F}
	EndGlobalSection
EndGlobal
